// !$*UTF8*$!
{
	archiveVersion = 1;
	classes = {
	};
	objectVersion = 50;
	objects = {

/* Begin PBXBuildFile section */
		239146F0599B0D032C4D5741 /* Pods_train.framework in Frameworks */ = {isa = PBXBuildFile; fileRef = 74A3473D7848D55799B0B3BD /* Pods_train.framework */; };
		E63006AC21538B1000532B01 /* OrderViewController.swift in Sources */ = {isa = PBXBuildFile; fileRef = E63006AB21538B1000532B01 /* OrderViewController.swift */; };
		E63006AE2153911D00532B01 /* OrderHistoryViewController.swift in Sources */ = {isa = PBXBuildFile; fileRef = E63006AD2153911D00532B01 /* OrderHistoryViewController.swift */; };
		E63006B02153C17E00532B01 /* OrderDetailViewController.swift in Sources */ = {isa = PBXBuildFile; fileRef = E63006AF2153C17E00532B01 /* OrderDetailViewController.swift */; };
		E63006B22153C90400532B01 /* StationCell.swift in Sources */ = {isa = PBXBuildFile; fileRef = E63006B12153C90400532B01 /* StationCell.swift */; };
		E63006B42154052C00532B01 /* TripleInfoCell.swift in Sources */ = {isa = PBXBuildFile; fileRef = E63006B32154052C00532B01 /* TripleInfoCell.swift */; };
		E63006B721541EF000532B01 /* OrderTripViewController.swift in Sources */ = {isa = PBXBuildFile; fileRef = E63006B621541EF000532B01 /* OrderTripViewController.swift */; };
		E63006B9215434D300532B01 /* PassengerAdderViewController.swift in Sources */ = {isa = PBXBuildFile; fileRef = E63006B8215434D300532B01 /* PassengerAdderViewController.swift */; };
		E63006BB2154394100532B01 /* PassengerViewController.swift in Sources */ = {isa = PBXBuildFile; fileRef = E63006BA2154394100532B01 /* PassengerViewController.swift */; };
		E63006BD21543EF700532B01 /* TimeTableViewController.swift in Sources */ = {isa = PBXBuildFile; fileRef = E63006BC21543EF700532B01 /* TimeTableViewController.swift */; };
		E63006BF2154409600532B01 /* TripInfoViewController.swift in Sources */ = {isa = PBXBuildFile; fileRef = E63006BE2154409600532B01 /* TripInfoViewController.swift */; };
		E63F010D21460FC600D38155 /* AppDelegate.swift in Sources */ = {isa = PBXBuildFile; fileRef = E63F010C21460FC600D38155 /* AppDelegate.swift */; };
		E63F011421460FC600D38155 /* Main.storyboard in Resources */ = {isa = PBXBuildFile; fileRef = E63F011221460FC600D38155 /* Main.storyboard */; };
		E63F011621460FC800D38155 /* Assets.xcassets in Resources */ = {isa = PBXBuildFile; fileRef = E63F011521460FC800D38155 /* Assets.xcassets */; };
		E63F011921460FC800D38155 /* LaunchScreen.storyboard in Resources */ = {isa = PBXBuildFile; fileRef = E63F011721460FC800D38155 /* LaunchScreen.storyboard */; };
		E63F012421460FC800D38155 /* trainTests.swift in Sources */ = {isa = PBXBuildFile; fileRef = E63F012321460FC800D38155 /* trainTests.swift */; };
		E63F012F21460FC800D38155 /* trainUITests.swift in Sources */ = {isa = PBXBuildFile; fileRef = E63F012E21460FC800D38155 /* trainUITests.swift */; };
		E6A2E1DE2151FA270011E7BE /* CalendarViewController.swift in Sources */ = {isa = PBXBuildFile; fileRef = E6A2E1DD2151FA270011E7BE /* CalendarViewController.swift */; };
		E6AEFD43214FC6000019018D /* Profile.storyboard in Resources */ = {isa = PBXBuildFile; fileRef = E6AEFD42214FC6000019018D /* Profile.storyboard */; };
		E6AEFD46214FCB7E0019018D /* LoginViewController.swift in Sources */ = {isa = PBXBuildFile; fileRef = E6AEFD45214FCB7E0019018D /* LoginViewController.swift */; };
		E6AEFD48214FD3B20019018D /* ProfileViewController.swift in Sources */ = {isa = PBXBuildFile; fileRef = E6AEFD47214FD3B20019018D /* ProfileViewController.swift */; };
		E6AEFD4D214FE4A70019018D /* AboutViewController.swift in Sources */ = {isa = PBXBuildFile; fileRef = E6AEFD4C214FE4A70019018D /* AboutViewController.swift */; };
		E6AEFD4F214FE6D30019018D /* AccountViewController.swift in Sources */ = {isa = PBXBuildFile; fileRef = E6AEFD4E214FE6D30019018D /* AccountViewController.swift */; };
		E6AEFD51214FEB2A0019018D /* PasswordViewController.swift in Sources */ = {isa = PBXBuildFile; fileRef = E6AEFD50214FEB2A0019018D /* PasswordViewController.swift */; };
		E6B4D6FD2147439800DBBCB9 /* OptionsViewController.swift in Sources */ = {isa = PBXBuildFile; fileRef = E6B4D6FB2147439800DBBCB9 /* OptionsViewController.swift */; };
		E6B4D7032147479000DBBCB9 /* Networking.swift in Sources */ = {isa = PBXBuildFile; fileRef = E6B4D7022147479000DBBCB9 /* Networking.swift */; };
		E6B4D706214747F500DBBCB9 /* Account.swift in Sources */ = {isa = PBXBuildFile; fileRef = E6B4D705214747F500DBBCB9 /* Account.swift */; };
		E6BA38542152224C00B90385 /* TrainDetailViewController.swift in Sources */ = {isa = PBXBuildFile; fileRef = E6BA38532152224C00B90385 /* TrainDetailViewController.swift */; };
		E6C513E2214A8C0500E71A75 /* SwiftNotice.swift in Sources */ = {isa = PBXBuildFile; fileRef = E6C513E1214A8C0500E71A75 /* SwiftNotice.swift */; };
		E6C513E4214A8EF300E71A75 /* Notification.swift in Sources */ = {isa = PBXBuildFile; fileRef = E6C513E3214A8EF300E71A75 /* Notification.swift */; };
		E6C6E1D72152545C00F8737A /* TrainManagementViewController.swift in Sources */ = {isa = PBXBuildFile; fileRef = E6C6E1D62152545C00F8737A /* TrainManagementViewController.swift */; };
		E6D27A4121515775006595D3 /* Train.storyboard in Resources */ = {isa = PBXBuildFile; fileRef = E6D27A4021515775006595D3 /* Train.storyboard */; };
		E6D27A4321515C75006595D3 /* Orders.storyboard in Resources */ = {isa = PBXBuildFile; fileRef = E6D27A4221515C75006595D3 /* Orders.storyboard */; };
		E6D27A46215190BC006595D3 /* TrainMenuViewController.swift in Sources */ = {isa = PBXBuildFile; fileRef = E6D27A45215190BC006595D3 /* TrainMenuViewController.swift */; };
		E6D27A482151944E006595D3 /* TripViewController.swift in Sources */ = {isa = PBXBuildFile; fileRef = E6D27A472151944E006595D3 /* TripViewController.swift */; };
		E6D27A4A2151A484006595D3 /* TrainViewController.swift in Sources */ = {isa = PBXBuildFile; fileRef = E6D27A492151A483006595D3 /* TrainViewController.swift */; };
		E6DD20A6214B710400530A6A /* Order.swift in Sources */ = {isa = PBXBuildFile; fileRef = E6DD20A5214B710400530A6A /* Order.swift */; };
		E6DD20A8214B7A4100530A6A /* MessageHandling.swift in Sources */ = {isa = PBXBuildFile; fileRef = E6DD20A7214B7A4100530A6A /* MessageHandling.swift */; };
		E6DD20AA214B7D4100530A6A /* Train.swift in Sources */ = {isa = PBXBuildFile; fileRef = E6DD20A9214B7D4100530A6A /* Train.swift */; };
/* End PBXBuildFile section */

/* Begin PBXContainerItemProxy section */
		E63F012021460FC800D38155 /* PBXContainerItemProxy */ = {
			isa = PBXContainerItemProxy;
			containerPortal = E63F010121460FC600D38155 /* Project object */;
			proxyType = 1;
			remoteGlobalIDString = E63F010821460FC600D38155;
			remoteInfo = train;
		};
		E63F012B21460FC800D38155 /* PBXContainerItemProxy */ = {
			isa = PBXContainerItemProxy;
			containerPortal = E63F010121460FC600D38155 /* Project object */;
			proxyType = 1;
			remoteGlobalIDString = E63F010821460FC600D38155;
			remoteInfo = train;
		};
/* End PBXContainerItemProxy section */

/* Begin PBXFileReference section */
		20855E71F92525005276BCFE /* Pods-train.debug.xcconfig */ = {isa = PBXFileReference; includeInIndex = 1; lastKnownFileType = text.xcconfig; name = "Pods-train.debug.xcconfig"; path = "Pods/Target Support Files/Pods-train/Pods-train.debug.xcconfig"; sourceTree = "<group>"; };
		6D3A44298FB76334B21DBE19 /* Pods-train.release.xcconfig */ = {isa = PBXFileReference; includeInIndex = 1; lastKnownFileType = text.xcconfig; name = "Pods-train.release.xcconfig"; path = "Pods/Target Support Files/Pods-train/Pods-train.release.xcconfig"; sourceTree = "<group>"; };
		74A3473D7848D55799B0B3BD /* Pods_train.framework */ = {isa = PBXFileReference; explicitFileType = wrapper.framework; includeInIndex = 0; path = Pods_train.framework; sourceTree = BUILT_PRODUCTS_DIR; };
		E63006AB21538B1000532B01 /* OrderViewController.swift */ = {isa = PBXFileReference; lastKnownFileType = sourcecode.swift; path = OrderViewController.swift; sourceTree = "<group>"; };
		E63006AD2153911D00532B01 /* OrderHistoryViewController.swift */ = {isa = PBXFileReference; lastKnownFileType = sourcecode.swift; path = OrderHistoryViewController.swift; sourceTree = "<group>"; };
		E63006AF2153C17E00532B01 /* OrderDetailViewController.swift */ = {isa = PBXFileReference; lastKnownFileType = sourcecode.swift; path = OrderDetailViewController.swift; sourceTree = "<group>"; };
		E63006B12153C90400532B01 /* StationCell.swift */ = {isa = PBXFileReference; lastKnownFileType = sourcecode.swift; path = StationCell.swift; sourceTree = "<group>"; };
		E63006B32154052C00532B01 /* TripleInfoCell.swift */ = {isa = PBXFileReference; lastKnownFileType = sourcecode.swift; path = TripleInfoCell.swift; sourceTree = "<group>"; };
		E63006B621541EF000532B01 /* OrderTripViewController.swift */ = {isa = PBXFileReference; lastKnownFileType = sourcecode.swift; path = OrderTripViewController.swift; sourceTree = "<group>"; };
		E63006B8215434D300532B01 /* PassengerAdderViewController.swift */ = {isa = PBXFileReference; lastKnownFileType = sourcecode.swift; path = PassengerAdderViewController.swift; sourceTree = "<group>"; };
		E63006BA2154394100532B01 /* PassengerViewController.swift */ = {isa = PBXFileReference; lastKnownFileType = sourcecode.swift; path = PassengerViewController.swift; sourceTree = "<group>"; };
		E63006BC21543EF700532B01 /* TimeTableViewController.swift */ = {isa = PBXFileReference; lastKnownFileType = sourcecode.swift; path = TimeTableViewController.swift; sourceTree = "<group>"; };
		E63006BE2154409600532B01 /* TripInfoViewController.swift */ = {isa = PBXFileReference; lastKnownFileType = sourcecode.swift; path = TripInfoViewController.swift; sourceTree = "<group>"; };
		E63F010921460FC600D38155 /* train.app */ = {isa = PBXFileReference; explicitFileType = wrapper.application; includeInIndex = 0; path = train.app; sourceTree = BUILT_PRODUCTS_DIR; };
		E63F010C21460FC600D38155 /* AppDelegate.swift */ = {isa = PBXFileReference; lastKnownFileType = sourcecode.swift; path = AppDelegate.swift; sourceTree = "<group>"; };
		E63F011321460FC600D38155 /* Base */ = {isa = PBXFileReference; lastKnownFileType = file.storyboard; name = Base; path = Base.lproj/Main.storyboard; sourceTree = "<group>"; };
		E63F011521460FC800D38155 /* Assets.xcassets */ = {isa = PBXFileReference; lastKnownFileType = folder.assetcatalog; path = Assets.xcassets; sourceTree = "<group>"; };
		E63F011821460FC800D38155 /* Base */ = {isa = PBXFileReference; lastKnownFileType = file.storyboard; name = Base; path = Base.lproj/LaunchScreen.storyboard; sourceTree = "<group>"; };
		E63F011A21460FC800D38155 /* Info.plist */ = {isa = PBXFileReference; lastKnownFileType = text.plist.xml; path = Info.plist; sourceTree = "<group>"; };
		E63F011F21460FC800D38155 /* trainTests.xctest */ = {isa = PBXFileReference; explicitFileType = wrapper.cfbundle; includeInIndex = 0; path = trainTests.xctest; sourceTree = BUILT_PRODUCTS_DIR; };
		E63F012321460FC800D38155 /* trainTests.swift */ = {isa = PBXFileReference; lastKnownFileType = sourcecode.swift; path = trainTests.swift; sourceTree = "<group>"; };
		E63F012521460FC800D38155 /* Info.plist */ = {isa = PBXFileReference; lastKnownFileType = text.plist.xml; path = Info.plist; sourceTree = "<group>"; };
		E63F012A21460FC800D38155 /* trainUITests.xctest */ = {isa = PBXFileReference; explicitFileType = wrapper.cfbundle; includeInIndex = 0; path = trainUITests.xctest; sourceTree = BUILT_PRODUCTS_DIR; };
		E63F012E21460FC800D38155 /* trainUITests.swift */ = {isa = PBXFileReference; lastKnownFileType = sourcecode.swift; path = trainUITests.swift; sourceTree = "<group>"; };
		E63F013021460FC800D38155 /* Info.plist */ = {isa = PBXFileReference; lastKnownFileType = text.plist.xml; path = Info.plist; sourceTree = "<group>"; };
		E6A2E1DD2151FA270011E7BE /* CalendarViewController.swift */ = {isa = PBXFileReference; lastKnownFileType = sourcecode.swift; path = CalendarViewController.swift; sourceTree = "<group>"; };
		E6AEFD42214FC6000019018D /* Profile.storyboard */ = {isa = PBXFileReference; fileEncoding = 4; lastKnownFileType = file.storyboard; path = Profile.storyboard; sourceTree = "<group>"; };
		E6AEFD45214FCB7E0019018D /* LoginViewController.swift */ = {isa = PBXFileReference; lastKnownFileType = sourcecode.swift; path = LoginViewController.swift; sourceTree = "<group>"; };
		E6AEFD47214FD3B20019018D /* ProfileViewController.swift */ = {isa = PBXFileReference; lastKnownFileType = sourcecode.swift; path = ProfileViewController.swift; sourceTree = "<group>"; };
		E6AEFD49214FDA540019018D /* train-Bridging-Header.h */ = {isa = PBXFileReference; lastKnownFileType = sourcecode.c.h; path = "train-Bridging-Header.h"; sourceTree = "<group>"; };
		E6AEFD4C214FE4A70019018D /* AboutViewController.swift */ = {isa = PBXFileReference; lastKnownFileType = sourcecode.swift; path = AboutViewController.swift; sourceTree = "<group>"; };
		E6AEFD4E214FE6D30019018D /* AccountViewController.swift */ = {isa = PBXFileReference; lastKnownFileType = sourcecode.swift; path = AccountViewController.swift; sourceTree = "<group>"; };
		E6AEFD50214FEB2A0019018D /* PasswordViewController.swift */ = {isa = PBXFileReference; lastKnownFileType = sourcecode.swift; path = PasswordViewController.swift; sourceTree = "<group>"; };
		E6B4D6FB2147439800DBBCB9 /* OptionsViewController.swift */ = {isa = PBXFileReference; lastKnownFileType = sourcecode.swift; path = OptionsViewController.swift; sourceTree = "<group>"; };
		E6B4D7022147479000DBBCB9 /* Networking.swift */ = {isa = PBXFileReference; lastKnownFileType = sourcecode.swift; path = Networking.swift; sourceTree = "<group>"; };
		E6B4D705214747F500DBBCB9 /* Account.swift */ = {isa = PBXFileReference; lastKnownFileType = sourcecode.swift; path = Account.swift; sourceTree = "<group>"; };
		E6BA38532152224C00B90385 /* TrainDetailViewController.swift */ = {isa = PBXFileReference; lastKnownFileType = sourcecode.swift; path = TrainDetailViewController.swift; sourceTree = "<group>"; };
		E6C513E1214A8C0500E71A75 /* SwiftNotice.swift */ = {isa = PBXFileReference; fileEncoding = 4; lastKnownFileType = sourcecode.swift; path = SwiftNotice.swift; sourceTree = "<group>"; };
		E6C513E3214A8EF300E71A75 /* Notification.swift */ = {isa = PBXFileReference; lastKnownFileType = sourcecode.swift; path = Notification.swift; sourceTree = "<group>"; };
		E6C6E1D62152545C00F8737A /* TrainManagementViewController.swift */ = {isa = PBXFileReference; lastKnownFileType = sourcecode.swift; path = TrainManagementViewController.swift; sourceTree = "<group>"; };
		E6D27A4021515775006595D3 /* Train.storyboard */ = {isa = PBXFileReference; fileEncoding = 4; lastKnownFileType = file.storyboard; path = Train.storyboard; sourceTree = "<group>"; };
		E6D27A4221515C75006595D3 /* Orders.storyboard */ = {isa = PBXFileReference; lastKnownFileType = file.storyboard; path = Orders.storyboard; sourceTree = "<group>"; };
		E6D27A45215190BC006595D3 /* TrainMenuViewController.swift */ = {isa = PBXFileReference; lastKnownFileType = sourcecode.swift; path = TrainMenuViewController.swift; sourceTree = "<group>"; };
		E6D27A472151944E006595D3 /* TripViewController.swift */ = {isa = PBXFileReference; lastKnownFileType = sourcecode.swift; path = TripViewController.swift; sourceTree = "<group>"; };
		E6D27A492151A483006595D3 /* TrainViewController.swift */ = {isa = PBXFileReference; lastKnownFileType = sourcecode.swift; path = TrainViewController.swift; sourceTree = "<group>"; };
		E6DD20A5214B710400530A6A /* Order.swift */ = {isa = PBXFileReference; lastKnownFileType = sourcecode.swift; path = Order.swift; sourceTree = "<group>"; };
		E6DD20A7214B7A4100530A6A /* MessageHandling.swift */ = {isa = PBXFileReference; lastKnownFileType = sourcecode.swift; path = MessageHandling.swift; sourceTree = "<group>"; };
		E6DD20A9214B7D4100530A6A /* Train.swift */ = {isa = PBXFileReference; lastKnownFileType = sourcecode.swift; path = Train.swift; sourceTree = "<group>"; };
/* End PBXFileReference section */

/* Begin PBXFrameworksBuildPhase section */
		E63F010621460FC600D38155 /* Frameworks */ = {
			isa = PBXFrameworksBuildPhase;
			buildActionMask = 2147483647;
			files = (
				239146F0599B0D032C4D5741 /* Pods_train.framework in Frameworks */,
			);
			runOnlyForDeploymentPostprocessing = 0;
		};
		E63F011C21460FC800D38155 /* Frameworks */ = {
			isa = PBXFrameworksBuildPhase;
			buildActionMask = 2147483647;
			files = (
			);
			runOnlyForDeploymentPostprocessing = 0;
		};
		E63F012721460FC800D38155 /* Frameworks */ = {
			isa = PBXFrameworksBuildPhase;
			buildActionMask = 2147483647;
			files = (
			);
			runOnlyForDeploymentPostprocessing = 0;
		};
/* End PBXFrameworksBuildPhase section */

/* Begin PBXGroup section */
		2841D90B8A36577F7554E36C /* Frameworks */ = {
			isa = PBXGroup;
			children = (
				74A3473D7848D55799B0B3BD /* Pods_train.framework */,
			);
			name = Frameworks;
			sourceTree = "<group>";
		};
		E63006AA21538AF600532B01 /* Order */ = {
			isa = PBXGroup;
			children = (
				E63006AB21538B1000532B01 /* OrderViewController.swift */,
				E63006AD2153911D00532B01 /* OrderHistoryViewController.swift */,
				E63006AF2153C17E00532B01 /* OrderDetailViewController.swift */,
				E63006B32154052C00532B01 /* TripleInfoCell.swift */,
				E63006B621541EF000532B01 /* OrderTripViewController.swift */,
			);
			path = Order;
			sourceTree = "<group>";
		};
		E63F010021460FC600D38155 = {
			isa = PBXGroup;
			children = (
				E63F010B21460FC600D38155 /* train */,
				E63F012221460FC800D38155 /* trainTests */,
				E63F012D21460FC800D38155 /* trainUITests */,
				E63F010A21460FC600D38155 /* Products */,
				E6A0D511A5219F821FA6A95A /* Pods */,
				2841D90B8A36577F7554E36C /* Frameworks */,
			);
			sourceTree = "<group>";
		};
		E63F010A21460FC600D38155 /* Products */ = {
			isa = PBXGroup;
			children = (
				E63F010921460FC600D38155 /* train.app */,
				E63F011F21460FC800D38155 /* trainTests.xctest */,
				E63F012A21460FC800D38155 /* trainUITests.xctest */,
			);
			name = Products;
			sourceTree = "<group>";
		};
		E63F010B21460FC600D38155 /* train */ = {
			isa = PBXGroup;
			children = (
				E6B4D6FA21473F5700DBBCB9 /* SuppportFiles */,
				E6B4D6F921473F5200DBBCB9 /* View */,
				E6B4D6F821473F3C00DBBCB9 /* ViewController */,
				E6B4D6F721473F2D00DBBCB9 /* Model */,
				E63F011A21460FC800D38155 /* Info.plist */,
			);
			path = train;
			sourceTree = "<group>";
		};
		E63F012221460FC800D38155 /* trainTests */ = {
			isa = PBXGroup;
			children = (
				E63F012321460FC800D38155 /* trainTests.swift */,
				E63F012521460FC800D38155 /* Info.plist */,
			);
			path = trainTests;
			sourceTree = "<group>";
		};
		E63F012D21460FC800D38155 /* trainUITests */ = {
			isa = PBXGroup;
			children = (
				E63F012E21460FC800D38155 /* trainUITests.swift */,
				E63F013021460FC800D38155 /* Info.plist */,
			);
			path = trainUITests;
			sourceTree = "<group>";
		};
		E6A0D511A5219F821FA6A95A /* Pods */ = {
			isa = PBXGroup;
			children = (
				20855E71F92525005276BCFE /* Pods-train.debug.xcconfig */,
				6D3A44298FB76334B21DBE19 /* Pods-train.release.xcconfig */,
			);
			name = Pods;
			sourceTree = "<group>";
		};
		E6AEFD44214FCB4B0019018D /* Profile */ = {
			isa = PBXGroup;
			children = (
				E6B4D6FB2147439800DBBCB9 /* OptionsViewController.swift */,
				E6AEFD45214FCB7E0019018D /* LoginViewController.swift */,
				E6AEFD47214FD3B20019018D /* ProfileViewController.swift */,
				E6AEFD4C214FE4A70019018D /* AboutViewController.swift */,
				E6AEFD4E214FE6D30019018D /* AccountViewController.swift */,
				E6AEFD50214FEB2A0019018D /* PasswordViewController.swift */,
			);
			path = Profile;
			sourceTree = "<group>";
		};
		E6B4D6F721473F2D00DBBCB9 /* Model */ = {
			isa = PBXGroup;
			children = (
				E6C513E5214A90AE00E71A75 /* Notification */,
				E6B4D704214747E600DBBCB9 /* Data */,
				E6B4D7012147477800DBBCB9 /* Net */,
				E6AEFD49214FDA540019018D /* train-Bridging-Header.h */,
			);
			path = Model;
			sourceTree = "<group>";
		};
		E6B4D6F821473F3C00DBBCB9 /* ViewController */ = {
			isa = PBXGroup;
			children = (
				E63006AA21538AF600532B01 /* Order */,
				E6D27A442151909D006595D3 /* Train */,
				E6AEFD44214FCB4B0019018D /* Profile */,
			);
			path = ViewController;
			sourceTree = "<group>";
		};
		E6B4D6F921473F5200DBBCB9 /* View */ = {
			isa = PBXGroup;
			children = (
				E6D27A4021515775006595D3 /* Train.storyboard */,
				E6AEFD42214FC6000019018D /* Profile.storyboard */,
				E63F011221460FC600D38155 /* Main.storyboard */,
				E6D27A4221515C75006595D3 /* Orders.storyboard */,
			);
			path = View;
			sourceTree = "<group>";
		};
		E6B4D6FA21473F5700DBBCB9 /* SuppportFiles */ = {
			isa = PBXGroup;
			children = (
				E63F011521460FC800D38155 /* Assets.xcassets */,
				E63F010C21460FC600D38155 /* AppDelegate.swift */,
				E63F011721460FC800D38155 /* LaunchScreen.storyboard */,
			);
			path = SuppportFiles;
			sourceTree = "<group>";
		};
		E6B4D7012147477800DBBCB9 /* Net */ = {
			isa = PBXGroup;
			children = (
				E6B4D7022147479000DBBCB9 /* Networking.swift */,
			);
			path = Net;
			sourceTree = "<group>";
		};
		E6B4D704214747E600DBBCB9 /* Data */ = {
			isa = PBXGroup;
			children = (
				E6B4D705214747F500DBBCB9 /* Account.swift */,
				E6DD20A5214B710400530A6A /* Order.swift */,
				E6DD20A7214B7A4100530A6A /* MessageHandling.swift */,
				E6DD20A9214B7D4100530A6A /* Train.swift */,
			);
			path = Data;
			sourceTree = "<group>";
		};
		E6C513E5214A90AE00E71A75 /* Notification */ = {
			isa = PBXGroup;
			children = (
				E6C513E3214A8EF300E71A75 /* Notification.swift */,
				E6C513E1214A8C0500E71A75 /* SwiftNotice.swift */,
			);
			path = Notification;
			sourceTree = "<group>";
		};
		E6D27A442151909D006595D3 /* Train */ = {
			isa = PBXGroup;
			children = (
				E6D27A45215190BC006595D3 /* TrainMenuViewController.swift */,
				E6D27A472151944E006595D3 /* TripViewController.swift */,
				E6D27A492151A483006595D3 /* TrainViewController.swift */,
				E6A2E1DD2151FA270011E7BE /* CalendarViewController.swift */,
				E6BA38532152224C00B90385 /* TrainDetailViewController.swift */,
				E6C6E1D62152545C00F8737A /* TrainManagementViewController.swift */,
				E63006B12153C90400532B01 /* StationCell.swift */,
				E63006B8215434D300532B01 /* PassengerAdderViewController.swift */,
				E63006BA2154394100532B01 /* PassengerViewController.swift */,
				E63006BC21543EF700532B01 /* TimeTableViewController.swift */,
				E63006BE2154409600532B01 /* TripInfoViewController.swift */,
			);
			path = Train;
			sourceTree = "<group>";
		};
/* End PBXGroup section */

/* Begin PBXNativeTarget section */
		E63F010821460FC600D38155 /* train */ = {
			isa = PBXNativeTarget;
			buildConfigurationList = E63F013321460FC900D38155 /* Build configuration list for PBXNativeTarget "train" */;
			buildPhases = (
				84E24EC2F7D64EDA281088CF /* [CP] Check Pods Manifest.lock */,
				E63F010521460FC600D38155 /* Sources */,
				E63F010621460FC600D38155 /* Frameworks */,
				E63F010721460FC600D38155 /* Resources */,
				69014D49B9D52DF557212268 /* [CP] Embed Pods Frameworks */,
			);
			buildRules = (
			);
			dependencies = (
			);
			name = train;
			productName = train;
			productReference = E63F010921460FC600D38155 /* train.app */;
			productType = "com.apple.product-type.application";
		};
		E63F011E21460FC800D38155 /* trainTests */ = {
			isa = PBXNativeTarget;
			buildConfigurationList = E63F013621460FC900D38155 /* Build configuration list for PBXNativeTarget "trainTests" */;
			buildPhases = (
				E63F011B21460FC800D38155 /* Sources */,
				E63F011C21460FC800D38155 /* Frameworks */,
				E63F011D21460FC800D38155 /* Resources */,
			);
			buildRules = (
			);
			dependencies = (
				E63F012121460FC800D38155 /* PBXTargetDependency */,
			);
			name = trainTests;
			productName = trainTests;
			productReference = E63F011F21460FC800D38155 /* trainTests.xctest */;
			productType = "com.apple.product-type.bundle.unit-test";
		};
		E63F012921460FC800D38155 /* trainUITests */ = {
			isa = PBXNativeTarget;
			buildConfigurationList = E63F013921460FC900D38155 /* Build configuration list for PBXNativeTarget "trainUITests" */;
			buildPhases = (
				E63F012621460FC800D38155 /* Sources */,
				E63F012721460FC800D38155 /* Frameworks */,
				E63F012821460FC800D38155 /* Resources */,
			);
			buildRules = (
			);
			dependencies = (
				E63F012C21460FC800D38155 /* PBXTargetDependency */,
			);
			name = trainUITests;
			productName = trainUITests;
			productReference = E63F012A21460FC800D38155 /* trainUITests.xctest */;
			productType = "com.apple.product-type.bundle.ui-testing";
		};
/* End PBXNativeTarget section */

/* Begin PBXProject section */
		E63F010121460FC600D38155 /* Project object */ = {
			isa = PBXProject;
			attributes = {
				LastSwiftUpdateCheck = 0940;
				LastUpgradeCheck = 0940;
				ORGANIZATIONNAME = Ghost;
				TargetAttributes = {
					E63F010821460FC600D38155 = {
						CreatedOnToolsVersion = 9.4.1;
						LastSwiftMigration = 0940;
					};
					E63F011E21460FC800D38155 = {
						CreatedOnToolsVersion = 9.4.1;
						TestTargetID = E63F010821460FC600D38155;
					};
					E63F012921460FC800D38155 = {
						CreatedOnToolsVersion = 9.4.1;
						TestTargetID = E63F010821460FC600D38155;
					};
				};
			};
			buildConfigurationList = E63F010421460FC600D38155 /* Build configuration list for PBXProject "train" */;
			compatibilityVersion = "Xcode 9.3";
			developmentRegion = en;
			hasScannedForEncodings = 0;
			knownRegions = (
				en,
				Base,
			);
			mainGroup = E63F010021460FC600D38155;
			productRefGroup = E63F010A21460FC600D38155 /* Products */;
			projectDirPath = "";
			projectRoot = "";
			targets = (
				E63F010821460FC600D38155 /* train */,
				E63F011E21460FC800D38155 /* trainTests */,
				E63F012921460FC800D38155 /* trainUITests */,
			);
		};
/* End PBXProject section */

/* Begin PBXResourcesBuildPhase section */
		E63F010721460FC600D38155 /* Resources */ = {
			isa = PBXResourcesBuildPhase;
			buildActionMask = 2147483647;
			files = (
				E6D27A4121515775006595D3 /* Train.storyboard in Resources */,
				E6D27A4321515C75006595D3 /* Orders.storyboard in Resources */,
				E63F011921460FC800D38155 /* LaunchScreen.storyboard in Resources */,
				E6AEFD43214FC6000019018D /* Profile.storyboard in Resources */,
				E63F011621460FC800D38155 /* Assets.xcassets in Resources */,
				E63F011421460FC600D38155 /* Main.storyboard in Resources */,
			);
			runOnlyForDeploymentPostprocessing = 0;
		};
		E63F011D21460FC800D38155 /* Resources */ = {
			isa = PBXResourcesBuildPhase;
			buildActionMask = 2147483647;
			files = (
			);
			runOnlyForDeploymentPostprocessing = 0;
		};
		E63F012821460FC800D38155 /* Resources */ = {
			isa = PBXResourcesBuildPhase;
			buildActionMask = 2147483647;
			files = (
			);
			runOnlyForDeploymentPostprocessing = 0;
		};
/* End PBXResourcesBuildPhase section */

/* Begin PBXShellScriptBuildPhase section */
		69014D49B9D52DF557212268 /* [CP] Embed Pods Frameworks */ = {
			isa = PBXShellScriptBuildPhase;
			buildActionMask = 2147483647;
			files = (
			);
			inputPaths = (
				"${SRCROOT}/Pods/Target Support Files/Pods-train/Pods-train-frameworks.sh",
				"${BUILT_PRODUCTS_DIR}/Alamofire/Alamofire.framework",
				"${BUILT_PRODUCTS_DIR}/CVCalendar/CVCalendar.framework",
				"${BUILT_PRODUCTS_DIR}/ReachabilitySwift/Reachability.framework",
			);
			name = "[CP] Embed Pods Frameworks";
			outputPaths = (
				"${TARGET_BUILD_DIR}/${FRAMEWORKS_FOLDER_PATH}/Alamofire.framework",
				"${TARGET_BUILD_DIR}/${FRAMEWORKS_FOLDER_PATH}/CVCalendar.framework",
				"${TARGET_BUILD_DIR}/${FRAMEWORKS_FOLDER_PATH}/Reachability.framework",
			);
			runOnlyForDeploymentPostprocessing = 0;
			shellPath = /bin/sh;
			shellScript = "\"${SRCROOT}/Pods/Target Support Files/Pods-train/Pods-train-frameworks.sh\"\n";
			showEnvVarsInLog = 0;
		};
		84E24EC2F7D64EDA281088CF /* [CP] Check Pods Manifest.lock */ = {
			isa = PBXShellScriptBuildPhase;
			buildActionMask = 2147483647;
			files = (
			);
			inputPaths = (
				"${PODS_PODFILE_DIR_PATH}/Podfile.lock",
				"${PODS_ROOT}/Manifest.lock",
			);
			name = "[CP] Check Pods Manifest.lock";
			outputPaths = (
				"$(DERIVED_FILE_DIR)/Pods-train-checkManifestLockResult.txt",
			);
			runOnlyForDeploymentPostprocessing = 0;
			shellPath = /bin/sh;
			shellScript = "diff \"${PODS_PODFILE_DIR_PATH}/Podfile.lock\" \"${PODS_ROOT}/Manifest.lock\" > /dev/null\nif [ $? != 0 ] ; then\n    # print error to STDERR\n    echo \"error: The sandbox is not in sync with the Podfile.lock. Run 'pod install' or update your CocoaPods installation.\" >&2\n    exit 1\nfi\n# This output is used by Xcode 'outputs' to avoid re-running this script phase.\necho \"SUCCESS\" > \"${SCRIPT_OUTPUT_FILE_0}\"\n";
			showEnvVarsInLog = 0;
		};
/* End PBXShellScriptBuildPhase section */

/* Begin PBXSourcesBuildPhase section */
		E63F010521460FC600D38155 /* Sources */ = {
			isa = PBXSourcesBuildPhase;
			buildActionMask = 2147483647;
			files = (
				E6AEFD46214FCB7E0019018D /* LoginViewController.swift in Sources */,
				E6D27A482151944E006595D3 /* TripViewController.swift in Sources */,
				E6B4D7032147479000DBBCB9 /* Networking.swift in Sources */,
				E6AEFD48214FD3B20019018D /* ProfileViewController.swift in Sources */,
				E6AEFD51214FEB2A0019018D /* PasswordViewController.swift in Sources */,
				E6BA38542152224C00B90385 /* TrainDetailViewController.swift in Sources */,
				E6DD20AA214B7D4100530A6A /* Train.swift in Sources */,
				E6A2E1DE2151FA270011E7BE /* CalendarViewController.swift in Sources */,
				E6C6E1D72152545C00F8737A /* TrainManagementViewController.swift in Sources */,
				E6B4D6FD2147439800DBBCB9 /* OptionsViewController.swift in Sources */,
				E6DD20A6214B710400530A6A /* Order.swift in Sources */,
				E63006B02153C17E00532B01 /* OrderDetailViewController.swift in Sources */,
				E63F010D21460FC600D38155 /* AppDelegate.swift in Sources */,
				E6C513E4214A8EF300E71A75 /* Notification.swift in Sources */,
				E63006BD21543EF700532B01 /* TimeTableViewController.swift in Sources */,
				E63006B42154052C00532B01 /* TripleInfoCell.swift in Sources */,
				E63006B22153C90400532B01 /* StationCell.swift in Sources */,
				E6AEFD4D214FE4A70019018D /* AboutViewController.swift in Sources */,
				E6AEFD4F214FE6D30019018D /* AccountViewController.swift in Sources */,
				E6DD20A8214B7A4100530A6A /* MessageHandling.swift in Sources */,
				E63006B9215434D300532B01 /* PassengerAdderViewController.swift in Sources */,
				E63006BF2154409600532B01 /* TripInfoViewController.swift in Sources */,
				E6C513E2214A8C0500E71A75 /* SwiftNotice.swift in Sources */,
				E63006AC21538B1000532B01 /* OrderViewController.swift in Sources */,
				E63006AE2153911D00532B01 /* OrderHistoryViewController.swift in Sources */,
				E6D27A4A2151A484006595D3 /* TrainViewController.swift in Sources */,
				E6D27A46215190BC006595D3 /* TrainMenuViewController.swift in Sources */,
				E63006B721541EF000532B01 /* OrderTripViewController.swift in Sources */,
				E6B4D706214747F500DBBCB9 /* Account.swift in Sources */,
				E63006BB2154394100532B01 /* PassengerViewController.swift in Sources */,
			);
			runOnlyForDeploymentPostprocessing = 0;
		};
		E63F011B21460FC800D38155 /* Sources */ = {
			isa = PBXSourcesBuildPhase;
			buildActionMask = 2147483647;
			files = (
				E63F012421460FC800D38155 /* trainTests.swift in Sources */,
			);
			runOnlyForDeploymentPostprocessing = 0;
		};
		E63F012621460FC800D38155 /* Sources */ = {
			isa = PBXSourcesBuildPhase;
			buildActionMask = 2147483647;
			files = (
				E63F012F21460FC800D38155 /* trainUITests.swift in Sources */,
			);
			runOnlyForDeploymentPostprocessing = 0;
		};
/* End PBXSourcesBuildPhase section */

/* Begin PBXTargetDependency section */
		E63F012121460FC800D38155 /* PBXTargetDependency */ = {
			isa = PBXTargetDependency;
			target = E63F010821460FC600D38155 /* train */;
			targetProxy = E63F012021460FC800D38155 /* PBXContainerItemProxy */;
		};
		E63F012C21460FC800D38155 /* PBXTargetDependency */ = {
			isa = PBXTargetDependency;
			target = E63F010821460FC600D38155 /* train */;
			targetProxy = E63F012B21460FC800D38155 /* PBXContainerItemProxy */;
		};
/* End PBXTargetDependency section */

/* Begin PBXVariantGroup section */
		E63F011221460FC600D38155 /* Main.storyboard */ = {
			isa = PBXVariantGroup;
			children = (
				E63F011321460FC600D38155 /* Base */,
			);
			name = Main.storyboard;
			sourceTree = "<group>";
		};
		E63F011721460FC800D38155 /* LaunchScreen.storyboard */ = {
			isa = PBXVariantGroup;
			children = (
				E63F011821460FC800D38155 /* Base */,
			);
			name = LaunchScreen.storyboard;
			sourceTree = "<group>";
		};
/* End PBXVariantGroup section */

/* Begin XCBuildConfiguration section */
		E63F013121460FC900D38155 /* Debug */ = {
			isa = XCBuildConfiguration;
			buildSettings = {
				ALWAYS_SEARCH_USER_PATHS = NO;
				CLANG_ANALYZER_NONNULL = YES;
				CLANG_ANALYZER_NUMBER_OBJECT_CONVERSION = YES_AGGRESSIVE;
				CLANG_CXX_LANGUAGE_STANDARD = "gnu++14";
				CLANG_CXX_LIBRARY = "libc++";
				CLANG_ENABLE_MODULES = YES;
				CLANG_ENABLE_OBJC_ARC = YES;
				CLANG_ENABLE_OBJC_WEAK = YES;
				CLANG_WARN_BLOCK_CAPTURE_AUTORELEASING = YES;
				CLANG_WARN_BOOL_CONVERSION = YES;
				CLANG_WARN_COMMA = YES;
				CLANG_WARN_CONSTANT_CONVERSION = YES;
				CLANG_WARN_DEPRECATED_OBJC_IMPLEMENTATIONS = YES;
				CLANG_WARN_DIRECT_OBJC_ISA_USAGE = YES_ERROR;
				CLANG_WARN_DOCUMENTATION_COMMENTS = YES;
				CLANG_WARN_EMPTY_BODY = YES;
				CLANG_WARN_ENUM_CONVERSION = YES;
				CLANG_WARN_INFINITE_RECURSION = YES;
				CLANG_WARN_INT_CONVERSION = YES;
				CLANG_WARN_NON_LITERAL_NULL_CONVERSION = YES;
				CLANG_WARN_OBJC_IMPLICIT_RETAIN_SELF = YES;
				CLANG_WARN_OBJC_LITERAL_CONVERSION = YES;
				CLANG_WARN_OBJC_ROOT_CLASS = YES_ERROR;
				CLANG_WARN_RANGE_LOOP_ANALYSIS = YES;
				CLANG_WARN_STRICT_PROTOTYPES = YES;
				CLANG_WARN_SUSPICIOUS_MOVE = YES;
				CLANG_WARN_UNGUARDED_AVAILABILITY = YES_AGGRESSIVE;
				CLANG_WARN_UNREACHABLE_CODE = YES;
				CLANG_WARN__DUPLICATE_METHOD_MATCH = YES;
				CODE_SIGN_IDENTITY = "iPhone Developer";
				COPY_PHASE_STRIP = NO;
				DEBUG_INFORMATION_FORMAT = dwarf;
				ENABLE_STRICT_OBJC_MSGSEND = YES;
				ENABLE_TESTABILITY = YES;
				GCC_C_LANGUAGE_STANDARD = gnu11;
				GCC_DYNAMIC_NO_PIC = NO;
				GCC_NO_COMMON_BLOCKS = YES;
				GCC_OPTIMIZATION_LEVEL = 0;
				GCC_PREPROCESSOR_DEFINITIONS = (
					"DEBUG=1",
					"$(inherited)",
				);
				GCC_WARN_64_TO_32_BIT_CONVERSION = YES;
				GCC_WARN_ABOUT_RETURN_TYPE = YES_ERROR;
				GCC_WARN_UNDECLARED_SELECTOR = YES;
				GCC_WARN_UNINITIALIZED_AUTOS = YES_AGGRESSIVE;
				GCC_WARN_UNUSED_FUNCTION = YES;
				GCC_WARN_UNUSED_VARIABLE = YES;
				IPHONEOS_DEPLOYMENT_TARGET = 11.4;
				MTL_ENABLE_DEBUG_INFO = YES;
				ONLY_ACTIVE_ARCH = YES;
				SDKROOT = iphoneos;
				SWIFT_ACTIVE_COMPILATION_CONDITIONS = DEBUG;
				SWIFT_OPTIMIZATION_LEVEL = "-Onone";
			};
			name = Debug;
		};
		E63F013221460FC900D38155 /* Release */ = {
			isa = XCBuildConfiguration;
			buildSettings = {
				ALWAYS_SEARCH_USER_PATHS = NO;
				CLANG_ANALYZER_NONNULL = YES;
				CLANG_ANALYZER_NUMBER_OBJECT_CONVERSION = YES_AGGRESSIVE;
				CLANG_CXX_LANGUAGE_STANDARD = "gnu++14";
				CLANG_CXX_LIBRARY = "libc++";
				CLANG_ENABLE_MODULES = YES;
				CLANG_ENABLE_OBJC_ARC = YES;
				CLANG_ENABLE_OBJC_WEAK = YES;
				CLANG_WARN_BLOCK_CAPTURE_AUTORELEASING = YES;
				CLANG_WARN_BOOL_CONVERSION = YES;
				CLANG_WARN_COMMA = YES;
				CLANG_WARN_CONSTANT_CONVERSION = YES;
				CLANG_WARN_DEPRECATED_OBJC_IMPLEMENTATIONS = YES;
				CLANG_WARN_DIRECT_OBJC_ISA_USAGE = YES_ERROR;
				CLANG_WARN_DOCUMENTATION_COMMENTS = YES;
				CLANG_WARN_EMPTY_BODY = YES;
				CLANG_WARN_ENUM_CONVERSION = YES;
				CLANG_WARN_INFINITE_RECURSION = YES;
				CLANG_WARN_INT_CONVERSION = YES;
				CLANG_WARN_NON_LITERAL_NULL_CONVERSION = YES;
				CLANG_WARN_OBJC_IMPLICIT_RETAIN_SELF = YES;
				CLANG_WARN_OBJC_LITERAL_CONVERSION = YES;
				CLANG_WARN_OBJC_ROOT_CLASS = YES_ERROR;
				CLANG_WARN_RANGE_LOOP_ANALYSIS = YES;
				CLANG_WARN_STRICT_PROTOTYPES = YES;
				CLANG_WARN_SUSPICIOUS_MOVE = YES;
				CLANG_WARN_UNGUARDED_AVAILABILITY = YES_AGGRESSIVE;
				CLANG_WARN_UNREACHABLE_CODE = YES;
				CLANG_WARN__DUPLICATE_METHOD_MATCH = YES;
				CODE_SIGN_IDENTITY = "iPhone Developer";
				COPY_PHASE_STRIP = NO;
				DEBUG_INFORMATION_FORMAT = "dwarf-with-dsym";
				ENABLE_NS_ASSERTIONS = NO;
				ENABLE_STRICT_OBJC_MSGSEND = YES;
				GCC_C_LANGUAGE_STANDARD = gnu11;
				GCC_NO_COMMON_BLOCKS = YES;
				GCC_WARN_64_TO_32_BIT_CONVERSION = YES;
				GCC_WARN_ABOUT_RETURN_TYPE = YES_ERROR;
				GCC_WARN_UNDECLARED_SELECTOR = YES;
				GCC_WARN_UNINITIALIZED_AUTOS = YES_AGGRESSIVE;
				GCC_WARN_UNUSED_FUNCTION = YES;
				GCC_WARN_UNUSED_VARIABLE = YES;
				IPHONEOS_DEPLOYMENT_TARGET = 11.4;
				MTL_ENABLE_DEBUG_INFO = NO;
				SDKROOT = iphoneos;
				SWIFT_COMPILATION_MODE = wholemodule;
				SWIFT_OPTIMIZATION_LEVEL = "-O";
				VALIDATE_PRODUCT = YES;
			};
			name = Release;
		};
		E63F013421460FC900D38155 /* Debug */ = {
			isa = XCBuildConfiguration;
			baseConfigurationReference = 20855E71F92525005276BCFE /* Pods-train.debug.xcconfig */;
			buildSettings = {
				ASSETCATALOG_COMPILER_APPICON_NAME = AppIcon;
				CLANG_ENABLE_MODULES = YES;
				CODE_SIGN_STYLE = Automatic;
				DEVELOPMENT_TEAM = 4B4BSD79Y4;
				INFOPLIST_FILE = train/Info.plist;
				LD_RUNPATH_SEARCH_PATHS = (
					"$(inherited)",
					"@executable_path/Frameworks",
				);
				PRODUCT_BUNDLE_IDENTIFIER = com.tomahawk.train;
				PRODUCT_NAME = "$(TARGET_NAME)";
				SWIFT_OBJC_BRIDGING_HEADER = "train/Model/train-Bridging-Header.h";
				SWIFT_OPTIMIZATION_LEVEL = "-Onone";
				SWIFT_VERSION = 4.0;
				TARGETED_DEVICE_FAMILY = "1,2";
			};
			name = Debug;
		};
		E63F013521460FC900D38155 /* Release */ = {
			isa = XCBuildConfiguration;
			baseConfigurationReference = 6D3A44298FB76334B21DBE19 /* Pods-train.release.xcconfig */;
			buildSettings = {
				ASSETCATALOG_COMPILER_APPICON_NAME = AppIcon;
				CLANG_ENABLE_MODULES = YES;
				CODE_SIGN_STYLE = Automatic;
				DEVELOPMENT_TEAM = 4B4BSD79Y4;
				INFOPLIST_FILE = train/Info.plist;
				LD_RUNPATH_SEARCH_PATHS = (
					"$(inherited)",
					"@executable_path/Frameworks",
				);
				PRODUCT_BUNDLE_IDENTIFIER = com.tomahawk.train;
				PRODUCT_NAME = "$(TARGET_NAME)";
				SWIFT_OBJC_BRIDGING_HEADER = "train/Model/train-Bridging-Header.h";
				SWIFT_VERSION = 4.0;
				TARGETED_DEVICE_FAMILY = "1,2";
			};
			name = Release;
		};
		E63F013721460FC900D38155 /* Debug */ = {
			isa = XCBuildConfiguration;
			buildSettings = {
				ALWAYS_EMBED_SWIFT_STANDARD_LIBRARIES = YES;
				BUNDLE_LOADER = "$(TEST_HOST)";
				CODE_SIGN_STYLE = Automatic;
				DEVELOPMENT_TEAM = 4B4BSD79Y4;
				INFOPLIST_FILE = trainTests/Info.plist;
				LD_RUNPATH_SEARCH_PATHS = (
					"$(inherited)",
					"@executable_path/Frameworks",
					"@loader_path/Frameworks",
				);
				PRODUCT_BUNDLE_IDENTIFIER = com.tomahawk.trainTests;
				PRODUCT_NAME = "$(TARGET_NAME)";
				SWIFT_VERSION = 4.0;
				TARGETED_DEVICE_FAMILY = "1,2";
				TEST_HOST = "$(BUILT_PRODUCTS_DIR)/train.app/train";
			};
			name = Debug;
		};
		E63F013821460FC900D38155 /* Release */ = {
			isa = XCBuildConfiguration;
			buildSettings = {
				ALWAYS_EMBED_SWIFT_STANDARD_LIBRARIES = YES;
				BUNDLE_LOADER = "$(TEST_HOST)";
				CODE_SIGN_STYLE = Automatic;
				DEVELOPMENT_TEAM = 4B4BSD79Y4;
				INFOPLIST_FILE = trainTests/Info.plist;
				LD_RUNPATH_SEARCH_PATHS = (
					"$(inherited)",
					"@executable_path/Frameworks",
					"@loader_path/Frameworks",
				);
				PRODUCT_BUNDLE_IDENTIFIER = com.tomahawk.trainTests;
				PRODUCT_NAME = "$(TARGET_NAME)";
				SWIFT_VERSION = 4.0;
				TARGETED_DEVICE_FAMILY = "1,2";
				TEST_HOST = "$(BUILT_PRODUCTS_DIR)/train.app/train";
			};
			name = Release;
		};
		E63F013A21460FC900D38155 /* Debug */ = {
			isa = XCBuildConfiguration;
			buildSettings = {
				ALWAYS_EMBED_SWIFT_STANDARD_LIBRARIES = YES;
				CODE_SIGN_STYLE = Automatic;
				DEVELOPMENT_TEAM = 4B4BSD79Y4;
				INFOPLIST_FILE = trainUITests/Info.plist;
				LD_RUNPATH_SEARCH_PATHS = (
					"$(inherited)",
					"@executable_path/Frameworks",
					"@loader_path/Frameworks",
				);
				PRODUCT_BUNDLE_IDENTIFIER = com.tomahawk.trainUITests;
				PRODUCT_NAME = "$(TARGET_NAME)";
				SWIFT_VERSION = 4.0;
				TARGETED_DEVICE_FAMILY = "1,2";
				TEST_TARGET_NAME = train;
			};
			name = Debug;
		};
		E63F013B21460FC900D38155 /* Release */ = {
			isa = XCBuildConfiguration;
			buildSettings = {
				ALWAYS_EMBED_SWIFT_STANDARD_LIBRARIES = YES;
				CODE_SIGN_STYLE = Automatic;
				DEVELOPMENT_TEAM = 4B4BSD79Y4;
				INFOPLIST_FILE = trainUITests/Info.plist;
				LD_RUNPATH_SEARCH_PATHS = (
					"$(inherited)",
					"@executable_path/Frameworks",
					"@loader_path/Frameworks",
				);
				PRODUCT_BUNDLE_IDENTIFIER = com.tomahawk.trainUITests;
				PRODUCT_NAME = "$(TARGET_NAME)";
				SWIFT_VERSION = 4.0;
				TARGETED_DEVICE_FAMILY = "1,2";
				TEST_TARGET_NAME = train;
			};
			name = Release;
		};
/* End XCBuildConfiguration section */

/* Begin XCConfigurationList section */
		E63F010421460FC600D38155 /* Build configuration list for PBXProject "train" */ = {
			isa = XCConfigurationList;
			buildConfigurations = (
				E63F013121460FC900D38155 /* Debug */,
				E63F013221460FC900D38155 /* Release */,
			);
			defaultConfigurationIsVisible = 0;
			defaultConfigurationName = Release;
		};
		E63F013321460FC900D38155 /* Build configuration list for PBXNativeTarget "train" */ = {
			isa = XCConfigurationList;
			buildConfigurations = (
				E63F013421460FC900D38155 /* Debug */,
				E63F013521460FC900D38155 /* Release */,
			);
			defaultConfigurationIsVisible = 0;
			defaultConfigurationName = Release;
		};
		E63F013621460FC900D38155 /* Build configuration list for PBXNativeTarget "trainTests" */ = {
			isa = XCConfigurationList;
			buildConfigurations = (
				E63F013721460FC900D38155 /* Debug */,
				E63F013821460FC900D38155 /* Release */,
			);
			defaultConfigurationIsVisible = 0;
			defaultConfigurationName = Release;
		};
		E63F013921460FC900D38155 /* Build configuration list for PBXNativeTarget "trainUITests" */ = {
			isa = XCConfigurationList;
			buildConfigurations = (
				E63F013A21460FC900D38155 /* Debug */,
				E63F013B21460FC900D38155 /* Release */,
			);
			defaultConfigurationIsVisible = 0;
			defaultConfigurationName = Release;
		};
/* End XCConfigurationList section */
	};
	rootObject = E63F010121460FC600D38155 /* Project object */;
}
